
Microsoft Visual Studio Solution File, Format Version 12.00
# Visual Studio Version 17
VisualStudioVersion = 17.4.33213.308
MinimumVisualStudioVersion = 10.0.40219.1
Project("{FAE04EC0-301F-11D3-BF4B-00C04F79EFBC}") = "Floyd_Warshall", "Floyd_Warshall\Floyd_Warshall.csproj", "{5E63E8EA-196C-4D1E-A5E0-5FC05A0A65E1}"
EndProject
Project("{FAE04EC0-301F-11D3-BF4B-00C04F79EFBC}") = "Floyd_Warshall_Test", "Floyd_Warshall_Test\Floyd_Warshall_Test.csproj", "{A95625B7-54C9-4B20-9ADC-A2E9EC5730D0}"
EndProject
Project("{FAE04EC0-301F-11D3-BF4B-00C04F79EFBC}") = "Floyd_Warshall_Model", "Floyd_Warshall_Model\Floyd_Warshall_Model.csproj", "{84C383DC-B0EC-4D70-9124-F5198031F758}"
EndProject
Global
	GlobalSection(SolutionConfigurationPlatforms) = preSolution
		Debug|Any CPU = Debug|Any CPU
		Release|Any CPU = Release|Any CPU
	EndGlobalSection
	GlobalSection(ProjectConfigurationPlatforms) = postSolution
		{5E63E8EA-196C-4D1E-A5E0-5FC05A0A65E1}.Debug|Any CPU.ActiveCfg = Debug|Any CPU
		{5E63E8EA-196C-4D1E-A5E0-5FC05A0A65E1}.Debug|Any CPU.Build.0 = Debug|Any CPU
		{5E63E8EA-196C-4D1E-A5E0-5FC05A0A65E1}.Release|Any CPU.ActiveCfg = Release|Any CPU
		{5E63E8EA-196C-4D1E-A5E0-5FC05A0A65E1}.Release|Any CPU.Build.0 = Release|Any CPU
		{A95625B7-54C9-4B20-9ADC-A2E9EC5730D0}.Debug|Any CPU.ActiveCfg = Debug|Any CPU
		{A95625B7-54C9-4B20-9ADC-A2E9EC5730D0}.Debug|Any CPU.Build.0 = Debug|Any CPU
		{A95625B7-54C9-4B20-9ADC-A2E9EC5730D0}.Release|Any CPU.ActiveCfg = Release|Any CPU
		{A95625B7-54C9-4B20-9ADC-A2E9EC5730D0}.Release|Any CPU.Build.0 = Release|Any CPU
		{84C383DC-B0EC-4D70-9124-F5198031F758}.Debug|Any CPU.ActiveCfg = Debug|Any CPU
		{84C383DC-B0EC-4D70-9124-F5198031F758}.Debug|Any CPU.Build.0 = Debug|Any CPU
		{84C383DC-B0EC-4D70-9124-F5198031F758}.Release|Any CPU.ActiveCfg = Release|Any CPU
		{84C383DC-B0EC-4D70-9124-F5198031F758}.Release|Any CPU.Build.0 = Release|Any CPU
	EndGlobalSection
	GlobalSection(SolutionProperties) = preSolution
		HideSolutionNode = FALSE
	EndGlobalSection
	GlobalSection(ExtensibilityGlobals) = postSolution
		SolutionGuid = {7645089A-EC6B-44A3-B758-AAB4C71DB25A}
	EndGlobalSection
EndGlobal
